PODS:
  - Alamofire (5.5.0)
  - Spring (1.0.9)

DEPENDENCIES:
  - Alamofire (~> 5.5)
  - Spring (from `https://github.com/LexDeBash/Spring.git`)

SPEC REPOS:
  trunk:
    - Alamofire

EXTERNAL SOURCES:
  Spring:
    :git: https://github.com/LexDeBash/Spring.git

CHECKOUT OPTIONS:
  Spring:
    :commit: 053e7d2ba3106aaebbbc29c6c27075dcc8dbef92
    :git: https://github.com/LexDeBash/Spring.git

SPEC CHECKSUMS:
  Alamofire: 1c4fb5369c3fe93d2857c780d8bbe09f06f97e7c
  Spring: 3e8b7d144afa52f26cf1ddba349812388de6ceb7

PODFILE CHECKSUM: ef65024fa14dedf153388a025e5cebb29ea2a311

COCOAPODS: 1.11.2
